
Microsoft Visual Studio Solution File, Format Version 12.00
# Visual Studio Version 16
VisualStudioVersion = 16.0.31911.196
MinimumVisualStudioVersion = 10.0.40219.1
Project("{FAE04EC0-301F-11D3-BF4B-00C04F79EFBC}") = "FootballAppTests", "FootballAppTests\FootballAppTests.csproj", "{222C05F9-3AAB-434A-8C36-384A99DD0E29}"
EndProject
Global
	GlobalSection(SolutionConfigurationPlatforms) = preSolution
		Debug|Any CPU = Debug|Any CPU
		Release|Any CPU = Release|Any CPU
	EndGlobalSection
	GlobalSection(ProjectConfigurationPlatforms) = postSolution
		{222C05F9-3AAB-434A-8C36-384A99DD0E29}.Debug|Any CPU.ActiveCfg = Debug|Any CPU
		{222C05F9-3AAB-434A-8C36-384A99DD0E29}.Debug|Any CPU.Build.0 = Debug|Any CPU
		{222C05F9-3AAB-434A-8C36-384A99DD0E29}.Release|Any CPU.ActiveCfg = Release|Any CPU
		{222C05F9-3AAB-434A-8C36-384A99DD0E29}.Release|Any CPU.Build.0 = Release|Any CPU
	EndGlobalSection
	GlobalSection(SolutionProperties) = preSolution
		HideSolutionNode = FALSE
	EndGlobalSection
	GlobalSection(ExtensibilityGlobals) = postSolution
		SolutionGuid = {ABB73E71-2FDC-40CF-9602-DCE7721C8FE7}
	EndGlobalSection
EndGlobal
